
Microsoft Visual Studio Solution File, Format Version 12.00
# Visual Studio Version 17
VisualStudioVersion = 17.2.32616.157
MinimumVisualStudioVersion = 10.0.40219.1
Project("{2150E333-8FDC-42A3-9474-1A3956D46DE8}") = "src", "src", "{4F44B171-F984-4167-A252-610C48045834}"
EndProject
Project("{9A19103F-16F7-4668-BE54-9A1E7A4F7556}") = "MyGardenPatch", "src\MyGardenPatch\MyGardenPatch.csproj", "{90D59103-9ABE-4D4F-BF06-2EEDC139D2D3}"
EndProject
Project("{9A19103F-16F7-4668-BE54-9A1E7A4F7556}") = "MyGardenPatch.CodeGen", "src\MyGardenPatch.CodeGen\MyGardenPatch.CodeGen.csproj", "{B19C3511-7A3C-4CFB-A861-A828E333D3C0}"
EndProject
Project("{9A19103F-16F7-4668-BE54-9A1E7A4F7556}") = "MyGardenPatch.SqlServer", "src\MyGardenPatch.SqlServer\MyGardenPatch.SqlServer.csproj", "{8C2FB4DB-D04B-4F65-8966-046AFFA81856}"
EndProject
Project("{9A19103F-16F7-4668-BE54-9A1E7A4F7556}") = "MyGardenPatch.Tests", "src\MyGardenPatch.Tests\MyGardenPatch.Tests.csproj", "{DA126FB2-102D-4277-AC2D-48C5C849C6DF}"
EndProject
Project("{9A19103F-16F7-4668-BE54-9A1E7A4F7556}") = "MyGardenPatch.Webapi", "src\MyGardenPatch.Webapi\MyGardenPatch.Webapi.csproj", "{A3BB5886-5546-40D1-B3AF-6B5BBDC47B2B}"
EndProject
Project("{9A19103F-16F7-4668-BE54-9A1E7A4F7556}") = "MyGardenPatch.WebApiExtensions", "src\MyGardenPatch.WebApiExtensions\MyGardenPatch.WebApiExtensions.csproj", "{7DDB1B33-38B9-4577-99B7-45124076EA45}"
EndProject
Project("{9A19103F-16F7-4668-BE54-9A1E7A4F7556}") = "MyGardenPatch.LocalIdentity", "src\MyGardenPatch.LocalIdentity\MyGardenPatch.LocalIdentity.csproj", "{1EB03014-F7B7-47AE-951A-0BB66DAE67EF}"
EndProject
Project("{2150E333-8FDC-42A3-9474-1A3956D46DE8}") = "Solution Items", "Solution Items", "{9D537AA7-61AC-46AB-AD2D-514A265CA1E6}"
	ProjectSection(SolutionItems) = preProject
		readme.md = readme.md
	EndProjectSection
EndProject
Project("{9A19103F-16F7-4668-BE54-9A1E7A4F7556}") = "MyGardenPatch.WebApi.Tests", "src\MyGardenPatch.WebApi.Tests\MyGardenPatch.WebApi.Tests.csproj", "{70483F7A-4389-4758-B7DC-2714757978C2}"
EndProject
Global
	GlobalSection(SolutionConfigurationPlatforms) = preSolution
		Debug|Any CPU = Debug|Any CPU
		Release|Any CPU = Release|Any CPU
	EndGlobalSection
	GlobalSection(ProjectConfigurationPlatforms) = postSolution
		{90D59103-9ABE-4D4F-BF06-2EEDC139D2D3}.Debug|Any CPU.ActiveCfg = Debug|Any CPU
		{90D59103-9ABE-4D4F-BF06-2EEDC139D2D3}.Debug|Any CPU.Build.0 = Debug|Any CPU
		{90D59103-9ABE-4D4F-BF06-2EEDC139D2D3}.Release|Any CPU.ActiveCfg = Release|Any CPU
		{90D59103-9ABE-4D4F-BF06-2EEDC139D2D3}.Release|Any CPU.Build.0 = Release|Any CPU
		{B19C3511-7A3C-4CFB-A861-A828E333D3C0}.Debug|Any CPU.ActiveCfg = Debug|Any CPU
		{B19C3511-7A3C-4CFB-A861-A828E333D3C0}.Debug|Any CPU.Build.0 = Debug|Any CPU
		{B19C3511-7A3C-4CFB-A861-A828E333D3C0}.Release|Any CPU.ActiveCfg = Release|Any CPU
		{B19C3511-7A3C-4CFB-A861-A828E333D3C0}.Release|Any CPU.Build.0 = Release|Any CPU
		{8C2FB4DB-D04B-4F65-8966-046AFFA81856}.Debug|Any CPU.ActiveCfg = Debug|Any CPU
		{8C2FB4DB-D04B-4F65-8966-046AFFA81856}.Debug|Any CPU.Build.0 = Debug|Any CPU
		{8C2FB4DB-D04B-4F65-8966-046AFFA81856}.Release|Any CPU.ActiveCfg = Release|Any CPU
		{8C2FB4DB-D04B-4F65-8966-046AFFA81856}.Release|Any CPU.Build.0 = Release|Any CPU
		{DA126FB2-102D-4277-AC2D-48C5C849C6DF}.Debug|Any CPU.ActiveCfg = Debug|Any CPU
		{DA126FB2-102D-4277-AC2D-48C5C849C6DF}.Debug|Any CPU.Build.0 = Debug|Any CPU
		{DA126FB2-102D-4277-AC2D-48C5C849C6DF}.Release|Any CPU.ActiveCfg = Release|Any CPU
		{DA126FB2-102D-4277-AC2D-48C5C849C6DF}.Release|Any CPU.Build.0 = Release|Any CPU
		{A3BB5886-5546-40D1-B3AF-6B5BBDC47B2B}.Debug|Any CPU.ActiveCfg = Debug|Any CPU
		{A3BB5886-5546-40D1-B3AF-6B5BBDC47B2B}.Debug|Any CPU.Build.0 = Debug|Any CPU
		{A3BB5886-5546-40D1-B3AF-6B5BBDC47B2B}.Release|Any CPU.ActiveCfg = Release|Any CPU
		{A3BB5886-5546-40D1-B3AF-6B5BBDC47B2B}.Release|Any CPU.Build.0 = Release|Any CPU
		{7DDB1B33-38B9-4577-99B7-45124076EA45}.Debug|Any CPU.ActiveCfg = Debug|Any CPU
		{7DDB1B33-38B9-4577-99B7-45124076EA45}.Debug|Any CPU.Build.0 = Debug|Any CPU
		{7DDB1B33-38B9-4577-99B7-45124076EA45}.Release|Any CPU.ActiveCfg = Release|Any CPU
		{7DDB1B33-38B9-4577-99B7-45124076EA45}.Release|Any CPU.Build.0 = Release|Any CPU
		{1EB03014-F7B7-47AE-951A-0BB66DAE67EF}.Debug|Any CPU.ActiveCfg = Debug|Any CPU
		{1EB03014-F7B7-47AE-951A-0BB66DAE67EF}.Debug|Any CPU.Build.0 = Debug|Any CPU
		{1EB03014-F7B7-47AE-951A-0BB66DAE67EF}.Release|Any CPU.ActiveCfg = Release|Any CPU
		{1EB03014-F7B7-47AE-951A-0BB66DAE67EF}.Release|Any CPU.Build.0 = Release|Any CPU
		{70483F7A-4389-4758-B7DC-2714757978C2}.Debug|Any CPU.ActiveCfg = Debug|Any CPU
		{70483F7A-4389-4758-B7DC-2714757978C2}.Debug|Any CPU.Build.0 = Debug|Any CPU
		{70483F7A-4389-4758-B7DC-2714757978C2}.Release|Any CPU.ActiveCfg = Release|Any CPU
		{70483F7A-4389-4758-B7DC-2714757978C2}.Release|Any CPU.Build.0 = Release|Any CPU
	EndGlobalSection
	GlobalSection(SolutionProperties) = preSolution
		HideSolutionNode = FALSE
	EndGlobalSection
	GlobalSection(NestedProjects) = preSolution
		{90D59103-9ABE-4D4F-BF06-2EEDC139D2D3} = {4F44B171-F984-4167-A252-610C48045834}
		{B19C3511-7A3C-4CFB-A861-A828E333D3C0} = {4F44B171-F984-4167-A252-610C48045834}
		{8C2FB4DB-D04B-4F65-8966-046AFFA81856} = {4F44B171-F984-4167-A252-610C48045834}
		{DA126FB2-102D-4277-AC2D-48C5C849C6DF} = {4F44B171-F984-4167-A252-610C48045834}
		{A3BB5886-5546-40D1-B3AF-6B5BBDC47B2B} = {4F44B171-F984-4167-A252-610C48045834}
		{7DDB1B33-38B9-4577-99B7-45124076EA45} = {4F44B171-F984-4167-A252-610C48045834}
		{1EB03014-F7B7-47AE-951A-0BB66DAE67EF} = {4F44B171-F984-4167-A252-610C48045834}
		{70483F7A-4389-4758-B7DC-2714757978C2} = {4F44B171-F984-4167-A252-610C48045834}
	EndGlobalSection
	GlobalSection(ExtensibilityGlobals) = postSolution
		SolutionGuid = {99BB4CF5-6870-4E19-B474-064381F08490}
	EndGlobalSection
EndGlobal
